// !$*UTF8*$!
{
	archiveVersion = 1;
	classes = {
	};
	objectVersion = 46;
	objects = {

/* Begin PBXBuildFile section */
		17713E0C2560D59F00E356DA /* XcodeKit.framework in Frameworks */ = {isa = PBXBuildFile; fileRef = BCB617631EB6F34E0011DA38 /* XcodeKit.framework */; };
		17713E0D2560D59F00E356DA /* XcodeKit.framework in Embed Frameworks */ = {isa = PBXBuildFile; fileRef = BCB617631EB6F34E0011DA38 /* XcodeKit.framework */; settings = {ATTRIBUTES = (CodeSignOnCopy, RemoveHeadersOnCopy, ); }; };
		17713E0F2560D5A700E356DA /* XcodeKit.framework in Frameworks */ = {isa = PBXBuildFile; fileRef = BCB617631EB6F34E0011DA38 /* XcodeKit.framework */; };
		17713E102560D5A700E356DA /* XcodeKit.framework in Embed Frameworks */ = {isa = PBXBuildFile; fileRef = BCB617631EB6F34E0011DA38 /* XcodeKit.framework */; settings = {ATTRIBUTES = (CodeSignOnCopy, RemoveHeadersOnCopy, ); }; };
		17D2ECA4243721D8002007CD /* WebKit.framework in Frameworks */ = {isa = PBXBuildFile; fileRef = 17D2ECA3243721D8002007CD /* WebKit.framework */; };
		BC14B4321DD024270045B3F3 /* Cocoa.framework in Frameworks */ = {isa = PBXBuildFile; fileRef = BC81FFB41DC0AEFE00A07CD6 /* Cocoa.framework */; };
		BC14B4371DD024270045B3F3 /* SourceEditorExtension.swift in Sources */ = {isa = PBXBuildFile; fileRef = BC14B4361DD024270045B3F3 /* SourceEditorExtension.swift */; };
		BC14B4391DD024270045B3F3 /* SourceEditorCommand.swift in Sources */ = {isa = PBXBuildFile; fileRef = BC14B4381DD024270045B3F3 /* SourceEditorCommand.swift */; };
		BC14B43D1DD024270045B3F3 /* EditorPlus.appex in Embed App Extensions */ = {isa = PBXBuildFile; fileRef = BC14B4311DD024270045B3F3 /* EditorPlus.appex */; settings = {ATTRIBUTES = (RemoveHeadersOnCopy, ); }; };
		BC81FFA21DC0AE2400A07CD6 /* AppDelegate.swift in Sources */ = {isa = PBXBuildFile; fileRef = BC81FFA11DC0AE2400A07CD6 /* AppDelegate.swift */; };
		BC81FFA41DC0AE2400A07CD6 /* Assets.xcassets in Resources */ = {isa = PBXBuildFile; fileRef = BC81FFA31DC0AE2400A07CD6 /* Assets.xcassets */; };
		BC81FFA71DC0AE2400A07CD6 /* MainMenu.xib in Resources */ = {isa = PBXBuildFile; fileRef = BC81FFA51DC0AE2400A07CD6 /* MainMenu.xib */; };
		BCA2705D1DCD83D700F87634 /* Cocoa.framework in Frameworks */ = {isa = PBXBuildFile; fileRef = BC81FFB41DC0AEFE00A07CD6 /* Cocoa.framework */; };
		BCA270621DCD83D700F87634 /* SourceEditorExtension.swift in Sources */ = {isa = PBXBuildFile; fileRef = BCA270611DCD83D700F87634 /* SourceEditorExtension.swift */; };
		BCA270641DCD83D700F87634 /* SourceEditorCommand.swift in Sources */ = {isa = PBXBuildFile; fileRef = BCA270631DCD83D700F87634 /* SourceEditorCommand.swift */; };
		BCA270681DCD83D700F87634 /* Line.appex in Embed App Extensions */ = {isa = PBXBuildFile; fileRef = BCA2705C1DCD83D700F87634 /* Line.appex */; settings = {ATTRIBUTES = (RemoveHeadersOnCopy, ); }; };
		BCB6175C1EB6F2AA0011DA38 /* String+.swift in Sources */ = {isa = PBXBuildFile; fileRef = BCB6175B1EB6F2AA0011DA38 /* String+.swift */; };
		BCB6175D1EB6F2AA0011DA38 /* String+.swift in Sources */ = {isa = PBXBuildFile; fileRef = BCB6175B1EB6F2AA0011DA38 /* String+.swift */; };
		BCB6175E1EB6F2AA0011DA38 /* String+.swift in Sources */ = {isa = PBXBuildFile; fileRef = BCB6175B1EB6F2AA0011DA38 /* String+.swift */; };
		BCECE4901EB9B3AE0070385B /* info.html in Resources */ = {isa = PBXBuildFile; fileRef = BCECE48F1EB9B3AE0070385B /* info.html */; };
/* End PBXBuildFile section */

/* Begin PBXContainerItemProxy section */
		BC14B43B1DD024270045B3F3 /* PBXContainerItemProxy */ = {
			isa = PBXContainerItemProxy;
			containerPortal = BC81FF961DC0AE2300A07CD6 /* Project object */;
			proxyType = 1;
			remoteGlobalIDString = BC14B4301DD024270045B3F3;
			remoteInfo = EditorPlus;
		};
		BCA270661DCD83D700F87634 /* PBXContainerItemProxy */ = {
			isa = PBXContainerItemProxy;
			containerPortal = BC81FF961DC0AE2300A07CD6 /* Project object */;
			proxyType = 1;
			remoteGlobalIDString = BCA2705B1DCD83D700F87634;
			remoteInfo = Line;
		};
/* End PBXContainerItemProxy section */

/* Begin PBXCopyFilesBuildPhase section */
		17713E0E2560D59F00E356DA /* Embed Frameworks */ = {
			isa = PBXCopyFilesBuildPhase;
			buildActionMask = 2147483647;
			dstPath = "";
			dstSubfolderSpec = 10;
			files = (
				17713E0D2560D59F00E356DA /* XcodeKit.framework in Embed Frameworks */,
			);
			name = "Embed Frameworks";
			runOnlyForDeploymentPostprocessing = 0;
		};
		17713E112560D5A700E356DA /* Embed Frameworks */ = {
			isa = PBXCopyFilesBuildPhase;
			buildActionMask = 2147483647;
			dstPath = "";
			dstSubfolderSpec = 10;
			files = (
				17713E102560D5A700E356DA /* XcodeKit.framework in Embed Frameworks */,
			);
			name = "Embed Frameworks";
			runOnlyForDeploymentPostprocessing = 0;
		};
		BC81FFC41DC0AEFE00A07CD6 /* Embed App Extensions */ = {
			isa = PBXCopyFilesBuildPhase;
			buildActionMask = 2147483647;
			dstPath = "";
			dstSubfolderSpec = 13;
			files = (
				BCA270681DCD83D700F87634 /* Line.appex in Embed App Extensions */,
				BC14B43D1DD024270045B3F3 /* EditorPlus.appex in Embed App Extensions */,
			);
			name = "Embed App Extensions";
			runOnlyForDeploymentPostprocessing = 0;
		};
/* End PBXCopyFilesBuildPhase section */

/* Begin PBXFileReference section */
		17D2ECA3243721D8002007CD /* WebKit.framework */ = {isa = PBXFileReference; lastKnownFileType = wrapper.framework; name = WebKit.framework; path = System/Library/Frameworks/WebKit.framework; sourceTree = SDKROOT; };
		BC14B4311DD024270045B3F3 /* EditorPlus.appex */ = {isa = PBXFileReference; explicitFileType = "wrapper.app-extension"; includeInIndex = 0; path = EditorPlus.appex; sourceTree = BUILT_PRODUCTS_DIR; };
		BC14B4351DD024270045B3F3 /* EditorPlus.entitlements */ = {isa = PBXFileReference; lastKnownFileType = text.plist.entitlements; path = EditorPlus.entitlements; sourceTree = "<group>"; };
		BC14B4361DD024270045B3F3 /* SourceEditorExtension.swift */ = {isa = PBXFileReference; lastKnownFileType = sourcecode.swift; path = SourceEditorExtension.swift; sourceTree = "<group>"; };
		BC14B4381DD024270045B3F3 /* SourceEditorCommand.swift */ = {isa = PBXFileReference; lastKnownFileType = sourcecode.swift; path = SourceEditorCommand.swift; sourceTree = "<group>"; };
		BC14B43A1DD024270045B3F3 /* Info.plist */ = {isa = PBXFileReference; lastKnownFileType = text.plist.xml; path = Info.plist; sourceTree = "<group>"; };
		BC81FF9E1DC0AE2400A07CD6 /* TextPlus.app */ = {isa = PBXFileReference; explicitFileType = wrapper.application; includeInIndex = 0; path = TextPlus.app; sourceTree = BUILT_PRODUCTS_DIR; };
		BC81FFA11DC0AE2400A07CD6 /* AppDelegate.swift */ = {isa = PBXFileReference; lastKnownFileType = sourcecode.swift; path = AppDelegate.swift; sourceTree = "<group>"; };
		BC81FFA31DC0AE2400A07CD6 /* Assets.xcassets */ = {isa = PBXFileReference; lastKnownFileType = folder.assetcatalog; path = Assets.xcassets; sourceTree = "<group>"; };
		BC81FFA61DC0AE2400A07CD6 /* Base */ = {isa = PBXFileReference; lastKnownFileType = file.xib; name = Base; path = Base.lproj/MainMenu.xib; sourceTree = "<group>"; };
		BC81FFA81DC0AE2400A07CD6 /* Info.plist */ = {isa = PBXFileReference; lastKnownFileType = text.plist.xml; path = Info.plist; sourceTree = "<group>"; };
		BC81FFB41DC0AEFE00A07CD6 /* Cocoa.framework */ = {isa = PBXFileReference; lastKnownFileType = wrapper.framework; name = Cocoa.framework; path = System/Library/Frameworks/Cocoa.framework; sourceTree = SDKROOT; };
		BCA2705C1DCD83D700F87634 /* Line.appex */ = {isa = PBXFileReference; explicitFileType = "wrapper.app-extension"; includeInIndex = 0; path = Line.appex; sourceTree = BUILT_PRODUCTS_DIR; };
		BCA270601DCD83D700F87634 /* Line.entitlements */ = {isa = PBXFileReference; lastKnownFileType = text.plist.entitlements; path = Line.entitlements; sourceTree = "<group>"; };
		BCA270611DCD83D700F87634 /* SourceEditorExtension.swift */ = {isa = PBXFileReference; lastKnownFileType = sourcecode.swift; path = SourceEditorExtension.swift; sourceTree = "<group>"; };
		BCA270631DCD83D700F87634 /* SourceEditorCommand.swift */ = {isa = PBXFileReference; lastKnownFileType = sourcecode.swift; path = SourceEditorCommand.swift; sourceTree = "<group>"; };
		BCA270651DCD83D700F87634 /* Info.plist */ = {isa = PBXFileReference; lastKnownFileType = text.plist.xml; path = Info.plist; sourceTree = "<group>"; };
		BCB6175B1EB6F2AA0011DA38 /* String+.swift */ = {isa = PBXFileReference; fileEncoding = 4; lastKnownFileType = sourcecode.swift; path = "String+.swift"; sourceTree = "<group>"; };
		BCB617631EB6F34E0011DA38 /* XcodeKit.framework */ = {isa = PBXFileReference; lastKnownFileType = wrapper.framework; name = XcodeKit.framework; path = Library/Frameworks/XcodeKit.framework; sourceTree = DEVELOPER_DIR; };
		BCECE48F1EB9B3AE0070385B /* info.html */ = {isa = PBXFileReference; fileEncoding = 4; lastKnownFileType = text.html; path = info.html; sourceTree = "<group>"; };
		BCEDD8B51EC177CD00EF7D99 /* TextPlus.entitlements */ = {isa = PBXFileReference; lastKnownFileType = text.plist.entitlements; path = TextPlus.entitlements; sourceTree = "<group>"; };
/* End PBXFileReference section */

/* Begin PBXFrameworksBuildPhase section */
		BC14B42E1DD024270045B3F3 /* Frameworks */ = {
			isa = PBXFrameworksBuildPhase;
			buildActionMask = 2147483647;
			files = (
				BC14B4321DD024270045B3F3 /* Cocoa.framework in Frameworks */,
				17713E0F2560D5A700E356DA /* XcodeKit.framework in Frameworks */,
			);
			runOnlyForDeploymentPostprocessing = 0;
		};
		BC81FF9B1DC0AE2300A07CD6 /* Frameworks */ = {
			isa = PBXFrameworksBuildPhase;
			buildActionMask = 2147483647;
			files = (
				17D2ECA4243721D8002007CD /* WebKit.framework in Frameworks */,
			);
			runOnlyForDeploymentPostprocessing = 0;
		};
		BCA270591DCD83D700F87634 /* Frameworks */ = {
			isa = PBXFrameworksBuildPhase;
			buildActionMask = 2147483647;
			files = (
				BCA2705D1DCD83D700F87634 /* Cocoa.framework in Frameworks */,
				17713E0C2560D59F00E356DA /* XcodeKit.framework in Frameworks */,
			);
			runOnlyForDeploymentPostprocessing = 0;
		};
/* End PBXFrameworksBuildPhase section */

/* Begin PBXGroup section */
		BC14B4331DD024270045B3F3 /* EditorPlus */ = {
			isa = PBXGroup;
			children = (
				BC14B4361DD024270045B3F3 /* SourceEditorExtension.swift */,
				BC14B4381DD024270045B3F3 /* SourceEditorCommand.swift */,
				BC14B43A1DD024270045B3F3 /* Info.plist */,
				BC14B4341DD024270045B3F3 /* Supporting Files */,
			);
			path = EditorPlus;
			sourceTree = "<group>";
		};
		BC14B4341DD024270045B3F3 /* Supporting Files */ = {
			isa = PBXGroup;
			children = (
				BC14B4351DD024270045B3F3 /* EditorPlus.entitlements */,
			);
			name = "Supporting Files";
			sourceTree = "<group>";
		};
		BC81FF951DC0AE2300A07CD6 = {
			isa = PBXGroup;
			children = (
				BCEDD8B51EC177CD00EF7D99 /* TextPlus.entitlements */,
				BCB6175A1EB6F27E0011DA38 /* Extensions */,
				BC81FFA01DC0AE2400A07CD6 /* MGTextPlus */,
				BCA2705E1DCD83D700F87634 /* Line */,
				BC14B4331DD024270045B3F3 /* EditorPlus */,
				BC81FFB31DC0AEFE00A07CD6 /* Frameworks */,
				BC81FF9F1DC0AE2400A07CD6 /* Products */,
			);
			sourceTree = "<group>";
		};
		BC81FF9F1DC0AE2400A07CD6 /* Products */ = {
			isa = PBXGroup;
			children = (
				BC81FF9E1DC0AE2400A07CD6 /* TextPlus.app */,
				BCA2705C1DCD83D700F87634 /* Line.appex */,
				BC14B4311DD024270045B3F3 /* EditorPlus.appex */,
			);
			name = Products;
			sourceTree = "<group>";
		};
		BC81FFA01DC0AE2400A07CD6 /* MGTextPlus */ = {
			isa = PBXGroup;
			children = (
				BC81FFA11DC0AE2400A07CD6 /* AppDelegate.swift */,
				BC81FFA31DC0AE2400A07CD6 /* Assets.xcassets */,
				BC81FFA51DC0AE2400A07CD6 /* MainMenu.xib */,
				BC81FFA81DC0AE2400A07CD6 /* Info.plist */,
				BCECE48F1EB9B3AE0070385B /* info.html */,
			);
			path = MGTextPlus;
			sourceTree = "<group>";
		};
		BC81FFB31DC0AEFE00A07CD6 /* Frameworks */ = {
			isa = PBXGroup;
			children = (
				17D2ECA3243721D8002007CD /* WebKit.framework */,
				BCB617631EB6F34E0011DA38 /* XcodeKit.framework */,
				BC81FFB41DC0AEFE00A07CD6 /* Cocoa.framework */,
			);
			name = Frameworks;
			sourceTree = "<group>";
		};
		BCA2705E1DCD83D700F87634 /* Line */ = {
			isa = PBXGroup;
			children = (
				BCA270611DCD83D700F87634 /* SourceEditorExtension.swift */,
				BCA270631DCD83D700F87634 /* SourceEditorCommand.swift */,
				BCA270651DCD83D700F87634 /* Info.plist */,
				BCA2705F1DCD83D700F87634 /* Supporting Files */,
			);
			path = Line;
			sourceTree = "<group>";
		};
		BCA2705F1DCD83D700F87634 /* Supporting Files */ = {
			isa = PBXGroup;
			children = (
				BCA270601DCD83D700F87634 /* Line.entitlements */,
			);
			name = "Supporting Files";
			sourceTree = "<group>";
		};
		BCB6175A1EB6F27E0011DA38 /* Extensions */ = {
			isa = PBXGroup;
			children = (
				BCB6175B1EB6F2AA0011DA38 /* String+.swift */,
			);
			path = Extensions;
			sourceTree = "<group>";
		};
/* End PBXGroup section */

/* Begin PBXNativeTarget section */
		BC14B4301DD024270045B3F3 /* EditorPlus */ = {
			isa = PBXNativeTarget;
			buildConfigurationList = BC14B4401DD024270045B3F3 /* Build configuration list for PBXNativeTarget "EditorPlus" */;
			buildPhases = (
				BC14B42D1DD024270045B3F3 /* Sources */,
				BC14B42E1DD024270045B3F3 /* Frameworks */,
				BC14B42F1DD024270045B3F3 /* Resources */,
				17713E112560D5A700E356DA /* Embed Frameworks */,
			);
			buildRules = (
			);
			dependencies = (
			);
			name = EditorPlus;
			productName = EditorPlus;
			productReference = BC14B4311DD024270045B3F3 /* EditorPlus.appex */;
			productType = "com.apple.product-type.xcode-extension";
		};
		BC81FF9D1DC0AE2300A07CD6 /* TextPlus */ = {
			isa = PBXNativeTarget;
			buildConfigurationList = BC81FFAB1DC0AE2400A07CD6 /* Build configuration list for PBXNativeTarget "TextPlus" */;
			buildPhases = (
				BC81FF9A1DC0AE2300A07CD6 /* Sources */,
				BC81FF9B1DC0AE2300A07CD6 /* Frameworks */,
				BC81FF9C1DC0AE2300A07CD6 /* Resources */,
				BC81FFC41DC0AEFE00A07CD6 /* Embed App Extensions */,
			);
			buildRules = (
			);
			dependencies = (
				BCA270671DCD83D700F87634 /* PBXTargetDependency */,
				BC14B43C1DD024270045B3F3 /* PBXTargetDependency */,
			);
			name = TextPlus;
			productName = MGTextPlus;
			productReference = BC81FF9E1DC0AE2400A07CD6 /* TextPlus.app */;
			productType = "com.apple.product-type.application";
		};
		BCA2705B1DCD83D700F87634 /* Line */ = {
			isa = PBXNativeTarget;
			buildConfigurationList = BCA2706B1DCD83D700F87634 /* Build configuration list for PBXNativeTarget "Line" */;
			buildPhases = (
				BCA270581DCD83D700F87634 /* Sources */,
				BCA270591DCD83D700F87634 /* Frameworks */,
				BCA2705A1DCD83D700F87634 /* Resources */,
				17713E0E2560D59F00E356DA /* Embed Frameworks */,
			);
			buildRules = (
			);
			dependencies = (
			);
			name = Line;
			productName = Line;
			productReference = BCA2705C1DCD83D700F87634 /* Line.appex */;
			productType = "com.apple.product-type.xcode-extension";
		};
/* End PBXNativeTarget section */

/* Begin PBXProject section */
		BC81FF961DC0AE2300A07CD6 /* Project object */ = {
			isa = PBXProject;
			attributes = {
				LastSwiftUpdateCheck = 0810;
				LastUpgradeCheck = 1320;
				ORGANIZATIONNAME = "Tuan Truong";
				TargetAttributes = {
					BC14B4301DD024270045B3F3 = {
						CreatedOnToolsVersion = 8.1;
						DevelopmentTeam = NN74NJ78BB;
						ProvisioningStyle = Automatic;
					};
					BC81FF9D1DC0AE2300A07CD6 = {
						CreatedOnToolsVersion = 8.0;
						DevelopmentTeam = NN74NJ78BB;
						ProvisioningStyle = Automatic;
						SystemCapabilities = {
							com.apple.Sandbox = {
								enabled = 1;
							};
						};
					};
					BCA2705B1DCD83D700F87634 = {
						CreatedOnToolsVersion = 8.1;
						DevelopmentTeam = NN74NJ78BB;
						ProvisioningStyle = Automatic;
					};
				};
			};
			buildConfigurationList = BC81FF991DC0AE2300A07CD6 /* Build configuration list for PBXProject "MGTextPlus" */;
			compatibilityVersion = "Xcode 3.2";
			developmentRegion = en;
			hasScannedForEncodings = 0;
			knownRegions = (
				en,
				Base,
			);
			mainGroup = BC81FF951DC0AE2300A07CD6;
			productRefGroup = BC81FF9F1DC0AE2400A07CD6 /* Products */;
			projectDirPath = "";
			projectRoot = "";
			targets = (
				BC81FF9D1DC0AE2300A07CD6 /* TextPlus */,
				BCA2705B1DCD83D700F87634 /* Line */,
				BC14B4301DD024270045B3F3 /* EditorPlus */,
			);
		};
/* End PBXProject section */

/* Begin PBXResourcesBuildPhase section */
		BC14B42F1DD024270045B3F3 /* Resources */ = {
			isa = PBXResourcesBuildPhase;
			buildActionMask = 2147483647;
			files = (
			);
			runOnlyForDeploymentPostprocessing = 0;
		};
		BC81FF9C1DC0AE2300A07CD6 /* Resources */ = {
			isa = PBXResourcesBuildPhase;
			buildActionMask = 2147483647;
			files = (
				BC81FFA41DC0AE2400A07CD6 /* Assets.xcassets in Resources */,
				BC81FFA71DC0AE2400A07CD6 /* MainMenu.xib in Resources */,
				BCECE4901EB9B3AE0070385B /* info.html in Resources */,
			);
			runOnlyForDeploymentPostprocessing = 0;
		};
		BCA2705A1DCD83D700F87634 /* Resources */ = {
			isa = PBXResourcesBuildPhase;
			buildActionMask = 2147483647;
			files = (
			);
			runOnlyForDeploymentPostprocessing = 0;
		};
/* End PBXResourcesBuildPhase section */

/* Begin PBXSourcesBuildPhase section */
		BC14B42D1DD024270045B3F3 /* Sources */ = {
			isa = PBXSourcesBuildPhase;
			buildActionMask = 2147483647;
			files = (
				BC14B4371DD024270045B3F3 /* SourceEditorExtension.swift in Sources */,
				BC14B4391DD024270045B3F3 /* SourceEditorCommand.swift in Sources */,
				BCB6175E1EB6F2AA0011DA38 /* String+.swift in Sources */,
			);
			runOnlyForDeploymentPostprocessing = 0;
		};
		BC81FF9A1DC0AE2300A07CD6 /* Sources */ = {
			isa = PBXSourcesBuildPhase;
			buildActionMask = 2147483647;
			files = (
				BCB6175C1EB6F2AA0011DA38 /* String+.swift in Sources */,
				BC81FFA21DC0AE2400A07CD6 /* AppDelegate.swift in Sources */,
			);
			runOnlyForDeploymentPostprocessing = 0;
		};
		BCA270581DCD83D700F87634 /* Sources */ = {
			isa = PBXSourcesBuildPhase;
			buildActionMask = 2147483647;
			files = (
				BCA270621DCD83D700F87634 /* SourceEditorExtension.swift in Sources */,
				BCA270641DCD83D700F87634 /* SourceEditorCommand.swift in Sources */,
				BCB6175D1EB6F2AA0011DA38 /* String+.swift in Sources */,
			);
			runOnlyForDeploymentPostprocessing = 0;
		};
/* End PBXSourcesBuildPhase section */

/* Begin PBXTargetDependency section */
		BC14B43C1DD024270045B3F3 /* PBXTargetDependency */ = {
			isa = PBXTargetDependency;
			target = BC14B4301DD024270045B3F3 /* EditorPlus */;
			targetProxy = BC14B43B1DD024270045B3F3 /* PBXContainerItemProxy */;
		};
		BCA270671DCD83D700F87634 /* PBXTargetDependency */ = {
			isa = PBXTargetDependency;
			target = BCA2705B1DCD83D700F87634 /* Line */;
			targetProxy = BCA270661DCD83D700F87634 /* PBXContainerItemProxy */;
		};
/* End PBXTargetDependency section */

/* Begin PBXVariantGroup section */
		BC81FFA51DC0AE2400A07CD6 /* MainMenu.xib */ = {
			isa = PBXVariantGroup;
			children = (
				BC81FFA61DC0AE2400A07CD6 /* Base */,
			);
			name = MainMenu.xib;
			sourceTree = "<group>";
		};
/* End PBXVariantGroup section */

/* Begin XCBuildConfiguration section */
		BC14B43E1DD024270045B3F3 /* Debug */ = {
			isa = XCBuildConfiguration;
			buildSettings = {
				CODE_SIGN_ENTITLEMENTS = EditorPlus/EditorPlus.entitlements;
				CODE_SIGN_IDENTITY = "Mac Developer";
				COMBINE_HIDPI_IMAGES = YES;
				CURRENT_PROJECT_VERSION = 19;
				DEVELOPMENT_TEAM = NN74NJ78BB;
				ENABLE_HARDENED_RUNTIME = YES;
				INFOPLIST_FILE = EditorPlus/Info.plist;
				LD_RUNPATH_SEARCH_PATHS = "$(inherited) @executable_path/../Frameworks @executable_path/../../../../Frameworks";
				MACOSX_DEPLOYMENT_TARGET = 10.12;
				MARKETING_VERSION = 1.5.4;
				PRODUCT_BUNDLE_IDENTIFIER = truong.tuan.TextPlus.EditorPlus;
				PRODUCT_NAME = "$(TARGET_NAME)";
				SKIP_INSTALL = YES;
				SWIFT_VERSION = 5.0;
			};
			name = Debug;
		};
		BC14B43F1DD024270045B3F3 /* Release */ = {
			isa = XCBuildConfiguration;
			buildSettings = {
				CODE_SIGN_ENTITLEMENTS = EditorPlus/EditorPlus.entitlements;
				CODE_SIGN_IDENTITY = "Mac Developer";
				COMBINE_HIDPI_IMAGES = YES;
				CURRENT_PROJECT_VERSION = 19;
				DEVELOPMENT_TEAM = NN74NJ78BB;
				ENABLE_HARDENED_RUNTIME = YES;
				INFOPLIST_FILE = EditorPlus/Info.plist;
				LD_RUNPATH_SEARCH_PATHS = "$(inherited) @executable_path/../Frameworks @executable_path/../../../../Frameworks";
				MACOSX_DEPLOYMENT_TARGET = 10.12;
				MARKETING_VERSION = 1.5.4;
				PRODUCT_BUNDLE_IDENTIFIER = truong.tuan.TextPlus.EditorPlus;
				PRODUCT_NAME = "$(TARGET_NAME)";
				SKIP_INSTALL = YES;
				SWIFT_VERSION = 5.0;
			};
			name = Release;
		};
		BC81FFA91DC0AE2400A07CD6 /* Debug */ = {
			isa = XCBuildConfiguration;
			buildSettings = {
				ALWAYS_SEARCH_USER_PATHS = NO;
				CLANG_ANALYZER_LOCALIZABILITY_NONLOCALIZED = YES;
				CLANG_ANALYZER_NONNULL = YES;
				CLANG_CXX_LANGUAGE_STANDARD = "gnu++0x";
				CLANG_CXX_LIBRARY = "libc++";
				CLANG_ENABLE_MODULES = YES;
				CLANG_ENABLE_OBJC_ARC = YES;
				CLANG_WARN_BLOCK_CAPTURE_AUTORELEASING = YES;
				CLANG_WARN_BOOL_CONVERSION = YES;
				CLANG_WARN_COMMA = YES;
				CLANG_WARN_CONSTANT_CONVERSION = YES;
				CLANG_WARN_DEPRECATED_OBJC_IMPLEMENTATIONS = YES;
				CLANG_WARN_DIRECT_OBJC_ISA_USAGE = YES_ERROR;
				CLANG_WARN_DOCUMENTATION_COMMENTS = YES;
				CLANG_WARN_EMPTY_BODY = YES;
				CLANG_WARN_ENUM_CONVERSION = YES;
				CLANG_WARN_INFINITE_RECURSION = YES;
				CLANG_WARN_INT_CONVERSION = YES;
				CLANG_WARN_NON_LITERAL_NULL_CONVERSION = YES;
				CLANG_WARN_OBJC_IMPLICIT_RETAIN_SELF = YES;
				CLANG_WARN_OBJC_LITERAL_CONVERSION = YES;
				CLANG_WARN_OBJC_ROOT_CLASS = YES_ERROR;
				CLANG_WARN_QUOTED_INCLUDE_IN_FRAMEWORK_HEADER = YES;
				CLANG_WARN_RANGE_LOOP_ANALYSIS = YES;
				CLANG_WARN_STRICT_PROTOTYPES = YES;
				CLANG_WARN_SUSPICIOUS_MOVE = YES;
				CLANG_WARN_SUSPICIOUS_MOVES = YES;
				CLANG_WARN_UNREACHABLE_CODE = YES;
				CLANG_WARN__DUPLICATE_METHOD_MATCH = YES;
				CODE_SIGN_IDENTITY = "-";
				COPY_PHASE_STRIP = NO;
				DEBUG_INFORMATION_FORMAT = dwarf;
				ENABLE_STRICT_OBJC_MSGSEND = YES;
				ENABLE_TESTABILITY = YES;
				GCC_C_LANGUAGE_STANDARD = gnu99;
				GCC_DYNAMIC_NO_PIC = NO;
				GCC_NO_COMMON_BLOCKS = YES;
				GCC_OPTIMIZATION_LEVEL = 0;
				GCC_PREPROCESSOR_DEFINITIONS = (
					"DEBUG=1",
					"$(inherited)",
				);
				GCC_WARN_64_TO_32_BIT_CONVERSION = YES;
				GCC_WARN_ABOUT_RETURN_TYPE = YES_ERROR;
				GCC_WARN_UNDECLARED_SELECTOR = YES;
				GCC_WARN_UNINITIALIZED_AUTOS = YES_AGGRESSIVE;
				GCC_WARN_UNUSED_FUNCTION = YES;
				GCC_WARN_UNUSED_VARIABLE = YES;
				MACOSX_DEPLOYMENT_TARGET = 10.12;
				MTL_ENABLE_DEBUG_INFO = YES;
				ONLY_ACTIVE_ARCH = YES;
				SDKROOT = macosx;
				SWIFT_ACTIVE_COMPILATION_CONDITIONS = DEBUG;
				SWIFT_OPTIMIZATION_LEVEL = "-Onone";
			};
			name = Debug;
		};
		BC81FFAA1DC0AE2400A07CD6 /* Release */ = {
			isa = XCBuildConfiguration;
			buildSettings = {
				ALWAYS_SEARCH_USER_PATHS = NO;
				CLANG_ANALYZER_LOCALIZABILITY_NONLOCALIZED = YES;
				CLANG_ANALYZER_NONNULL = YES;
				CLANG_CXX_LANGUAGE_STANDARD = "gnu++0x";
				CLANG_CXX_LIBRARY = "libc++";
				CLANG_ENABLE_MODULES = YES;
				CLANG_ENABLE_OBJC_ARC = YES;
				CLANG_WARN_BLOCK_CAPTURE_AUTORELEASING = YES;
				CLANG_WARN_BOOL_CONVERSION = YES;
				CLANG_WARN_COMMA = YES;
				CLANG_WARN_CONSTANT_CONVERSION = YES;
				CLANG_WARN_DEPRECATED_OBJC_IMPLEMENTATIONS = YES;
				CLANG_WARN_DIRECT_OBJC_ISA_USAGE = YES_ERROR;
				CLANG_WARN_DOCUMENTATION_COMMENTS = YES;
				CLANG_WARN_EMPTY_BODY = YES;
				CLANG_WARN_ENUM_CONVERSION = YES;
				CLANG_WARN_INFINITE_RECURSION = YES;
				CLANG_WARN_INT_CONVERSION = YES;
				CLANG_WARN_NON_LITERAL_NULL_CONVERSION = YES;
				CLANG_WARN_OBJC_IMPLICIT_RETAIN_SELF = YES;
				CLANG_WARN_OBJC_LITERAL_CONVERSION = YES;
				CLANG_WARN_OBJC_ROOT_CLASS = YES_ERROR;
				CLANG_WARN_QUOTED_INCLUDE_IN_FRAMEWORK_HEADER = YES;
				CLANG_WARN_RANGE_LOOP_ANALYSIS = YES;
				CLANG_WARN_STRICT_PROTOTYPES = YES;
				CLANG_WARN_SUSPICIOUS_MOVE = YES;
				CLANG_WARN_SUSPICIOUS_MOVES = YES;
				CLANG_WARN_UNREACHABLE_CODE = YES;
				CLANG_WARN__DUPLICATE_METHOD_MATCH = YES;
				CODE_SIGN_IDENTITY = "-";
				COPY_PHASE_STRIP = NO;
				DEBUG_INFORMATION_FORMAT = "dwarf-with-dsym";
				ENABLE_NS_ASSERTIONS = NO;
				ENABLE_STRICT_OBJC_MSGSEND = YES;
				GCC_C_LANGUAGE_STANDARD = gnu99;
				GCC_NO_COMMON_BLOCKS = YES;
				GCC_WARN_64_TO_32_BIT_CONVERSION = YES;
				GCC_WARN_ABOUT_RETURN_TYPE = YES_ERROR;
				GCC_WARN_UNDECLARED_SELECTOR = YES;
				GCC_WARN_UNINITIALIZED_AUTOS = YES_AGGRESSIVE;
				GCC_WARN_UNUSED_FUNCTION = YES;
				GCC_WARN_UNUSED_VARIABLE = YES;
				MACOSX_DEPLOYMENT_TARGET = 10.12;
				MTL_ENABLE_DEBUG_INFO = NO;
				SDKROOT = macosx;
				SWIFT_OPTIMIZATION_LEVEL = "-Owholemodule";
			};
			name = Release;
		};
		BC81FFAC1DC0AE2400A07CD6 /* Debug */ = {
			isa = XCBuildConfiguration;
			buildSettings = {
				ALWAYS_EMBED_SWIFT_STANDARD_LIBRARIES = YES;
				ASSETCATALOG_COMPILER_APPICON_NAME = AppIcon;
				CODE_SIGN_ENTITLEMENTS = TextPlus.entitlements;
				CODE_SIGN_IDENTITY = "Apple Development";
				CODE_SIGN_STYLE = Automatic;
				COMBINE_HIDPI_IMAGES = YES;
				CURRENT_PROJECT_VERSION = 19;
				DEVELOPMENT_TEAM = NN74NJ78BB;
				ENABLE_HARDENED_RUNTIME = YES;
				INFOPLIST_FILE = MGTextPlus/Info.plist;
				LD_RUNPATH_SEARCH_PATHS = "$(inherited) @executable_path/../Frameworks";
				MARKETING_VERSION = 1.5.4;
				PRODUCT_BUNDLE_IDENTIFIER = truong.tuan.TextPlus;
				PRODUCT_NAME = "$(TARGET_NAME)";
				PROVISIONING_PROFILE_SPECIFIER = "";
				SWIFT_VERSION = 5.0;
			};
			name = Debug;
		};
		BC81FFAD1DC0AE2400A07CD6 /* Release */ = {
			isa = XCBuildConfiguration;
			buildSettings = {
				ALWAYS_EMBED_SWIFT_STANDARD_LIBRARIES = YES;
				ASSETCATALOG_COMPILER_APPICON_NAME = AppIcon;
				CODE_SIGN_ENTITLEMENTS = TextPlus.entitlements;
				CODE_SIGN_IDENTITY = "Apple Development";
				CODE_SIGN_STYLE = Automatic;
				COMBINE_HIDPI_IMAGES = YES;
				CURRENT_PROJECT_VERSION = 19;
				DEVELOPMENT_TEAM = NN74NJ78BB;
				ENABLE_HARDENED_RUNTIME = YES;
				INFOPLIST_FILE = MGTextPlus/Info.plist;
				LD_RUNPATH_SEARCH_PATHS = "$(inherited) @executable_path/../Frameworks";
				MARKETING_VERSION = 1.5.4;
				PRODUCT_BUNDLE_IDENTIFIER = truong.tuan.TextPlus;
				PRODUCT_NAME = "$(TARGET_NAME)";
				PROVISIONING_PROFILE_SPECIFIER = "";
				SWIFT_VERSION = 5.0;
			};
			name = Release;
		};
		BCA270691DCD83D700F87634 /* Debug */ = {
			isa = XCBuildConfiguration;
			buildSettings = {
				CODE_SIGN_ENTITLEMENTS = Line/Line.entitlements;
				CODE_SIGN_IDENTITY = "Mac Developer";
				COMBINE_HIDPI_IMAGES = YES;
				CURRENT_PROJECT_VERSION = 19;
				DEVELOPMENT_TEAM = NN74NJ78BB;
				ENABLE_HARDENED_RUNTIME = YES;
				INFOPLIST_FILE = Line/Info.plist;
				LD_RUNPATH_SEARCH_PATHS = "$(inherited) @executable_path/../Frameworks @executable_path/../../../../Frameworks";
				MACOSX_DEPLOYMENT_TARGET = 10.12;
				MARKETING_VERSION = 1.5.4;
				PRODUCT_BUNDLE_IDENTIFIER = truong.tuan.TextPlus.Line;
				PRODUCT_NAME = "$(TARGET_NAME)";
				SKIP_INSTALL = YES;
				SWIFT_VERSION = 5.0;
			};
			name = Debug;
		};
		BCA2706A1DCD83D700F87634 /* Release */ = {
			isa = XCBuildConfiguration;
			buildSettings = {
				CODE_SIGN_ENTITLEMENTS = Line/Line.entitlements;
				CODE_SIGN_IDENTITY = "Mac Developer";
				COMBINE_HIDPI_IMAGES = YES;
				CURRENT_PROJECT_VERSION = 19;
				DEVELOPMENT_TEAM = NN74NJ78BB;
				ENABLE_HARDENED_RUNTIME = YES;
				INFOPLIST_FILE = Line/Info.plist;
				LD_RUNPATH_SEARCH_PATHS = "$(inherited) @executable_path/../Frameworks @executable_path/../../../../Frameworks";
				MACOSX_DEPLOYMENT_TARGET = 10.12;
				MARKETING_VERSION = 1.5.4;
				PRODUCT_BUNDLE_IDENTIFIER = truong.tuan.TextPlus.Line;
				PRODUCT_NAME = "$(TARGET_NAME)";
				SKIP_INSTALL = YES;
				SWIFT_VERSION = 5.0;
			};
			name = Release;
		};
/* End XCBuildConfiguration section */

/* Begin XCConfigurationList section */
		BC14B4401DD024270045B3F3 /* Build configuration list for PBXNativeTarget "EditorPlus" */ = {
			isa = XCConfigurationList;
			buildConfigurations = (
				BC14B43E1DD024270045B3F3 /* Debug */,
				BC14B43F1DD024270045B3F3 /* Release */,
			);
			defaultConfigurationIsVisible = 0;
			defaultConfigurationName = Release;
		};
		BC81FF991DC0AE2300A07CD6 /* Build configuration list for PBXProject "MGTextPlus" */ = {
			isa = XCConfigurationList;
			buildConfigurations = (
				BC81FFA91DC0AE2400A07CD6 /* Debug */,
				BC81FFAA1DC0AE2400A07CD6 /* Release */,
			);
			defaultConfigurationIsVisible = 0;
			defaultConfigurationName = Release;
		};
		BC81FFAB1DC0AE2400A07CD6 /* Build configuration list for PBXNativeTarget "TextPlus" */ = {
			isa = XCConfigurationList;
			buildConfigurations = (
				BC81FFAC1DC0AE2400A07CD6 /* Debug */,
				BC81FFAD1DC0AE2400A07CD6 /* Release */,
			);
			defaultConfigurationIsVisible = 0;
			defaultConfigurationName = Release;
		};
		BCA2706B1DCD83D700F87634 /* Build configuration list for PBXNativeTarget "Line" */ = {
			isa = XCConfigurationList;
			buildConfigurations = (
				BCA270691DCD83D700F87634 /* Debug */,
				BCA2706A1DCD83D700F87634 /* Release */,
			);
			defaultConfigurationIsVisible = 0;
			defaultConfigurationName = Release;
		};
/* End XCConfigurationList section */
	};
	rootObject = BC81FF961DC0AE2300A07CD6 /* Project object */;
}
